{
  "version": 4,
  "terraform_version": "1.14.8",
  "serial": 64,
  "lineage": "8a8e58fb-4f92-bbcc-bcf3-f442f9a192f4",
  "outputs": {},
  "resources": [
    {
      "mode": "managed",
      "type": "azurerm_public_ip",
      "name": "pip",
      "provider": "provider[\"registry.terraform.io/hashicorp/azurerm\"]",
      "instances": [
        {
          "schema_version": 0,
          "attributes": {
            "allocation_method": "Static",
            "ddos_protection_mode": "VirtualNetworkInherited",
            "ddos_protection_plan_id": null,
            "domain_name_label": "",
            "domain_name_label_scope": "",
            "edge_zone": "",
            "fqdn": "",
            "id": "/subscriptions/b45ad4c7-a502-4340-9f42-b0958dd23e96/resourceGroups/rg-yetsy-devops/providers/Microsoft.Network/publicIPAddresses/pip-yetsyLab",
            "idle_timeout_in_minutes": 4,
            "ip_address": "20.242.98.171",
            "ip_tags": {},
            "ip_version": "IPv4",
            "location": "eastus2",
            "name": "pip-yetsyLab",
            "public_ip_prefix_id": null,
            "resource_group_name": "rg-yetsy-devops",
            "reverse_fqdn": "",
            "sku": "Standard",
            "sku_tier": "Regional",
            "tags": {},
            "timeouts": null,
            "zones": []
          },
          "sensitive_attributes": [],
          "identity_schema_version": 0,
          "identity": {
            "name": "pip-yetsyLab",
            "resource_group_name": "rg-yetsy-devops",
            "subscription_id": "b45ad4c7-a502-4340-9f42-b0958dd23e96"
          },
          "private": "eyJlMmJmYjczMC1lY2FhLTExZTYtOGY4OC0zNDM2M2JjN2M0YzAiOnsiY3JlYXRlIjoxODAwMDAwMDAwMDAwLCJkZWxldGUiOjE4MDAwMDAwMDAwMDAsInJlYWQiOjMwMDAwMDAwMDAwMCwidXBkYXRlIjoxODAwMDAwMDAwMDAwfX0=",
          "dependencies": [
            "azurerm_resource_group.rg"
          ]
        }
      ]
    },
    {
      "mode": "managed",
      "type": "azurerm_resource_group",
      "name": "rg",
      "provider": "provider[\"registry.terraform.io/hashicorp/azurerm\"]",
      "instances": [
        {
          "schema_version": 0,
          "attributes": {
            "id": "/subscriptions/b45ad4c7-a502-4340-9f42-b0958dd23e96/resourceGroups/rg-yetsy-devops",
            "location": "eastus2",
            "managed_by": "",
            "name": "rg-yetsy-devops",
            "tags": {},
            "timeouts": null
          },
          "sensitive_attributes": [],
          "identity_schema_version": 0,
          "identity": {
            "name": "rg-yetsy-devops",
            "subscription_id": "b45ad4c7-a502-4340-9f42-b0958dd23e96"
          },
          "private": "eyJlMmJmYjczMC1lY2FhLTExZTYtOGY4OC0zNDM2M2JjN2M0YzAiOnsiY3JlYXRlIjo1NDAwMDAwMDAwMDAwLCJkZWxldGUiOjU0MDAwMDAwMDAwMDAsInJlYWQiOjMwMDAwMDAwMDAwMCwidXBkYXRlIjo1NDAwMDAwMDAwMDAwfX0="
        }
      ]
    },
    {
      "mode": "managed",
      "type": "azurerm_subnet",
      "name": "subnet",
      "provider": "provider[\"registry.terraform.io/hashicorp/azurerm\"]",
      "instances": [
        {
          "schema_version": 0,
          "attributes": {
            "address_prefixes": [
              "10.0.1.0/24"
            ],
            "default_outbound_access_enabled": true,
            "delegation": [],
            "id": "/subscriptions/b45ad4c7-a502-4340-9f42-b0958dd23e96/resourceGroups/rg-yetsy-devops/providers/Microsoft.Network/virtualNetworks/vnet-yetsy/subnets/subnet-yetsy",
            "ip_address_pool": [],
            "name": "subnet-yetsy",
            "private_endpoint_network_policies": "Disabled",
            "private_link_service_network_policies_enabled": true,
            "resource_group_name": "rg-yetsy-devops",
            "service_endpoint_policy_ids": [],
            "service_endpoints": [],
            "sharing_scope": "",
            "timeouts": null,
            "virtual_network_name": "vnet-yetsy"
          },
          "sensitive_attributes": [],
          "identity_schema_version": 0,
          "identity": {
            "name": "subnet-yetsy",
            "resource_group_name": "rg-yetsy-devops",
            "subscription_id": "b45ad4c7-a502-4340-9f42-b0958dd23e96",
            "virtual_network_name": "vnet-yetsy"
          },
          "private": "eyJlMmJmYjczMC1lY2FhLTExZTYtOGY4OC0zNDM2M2JjN2M0YzAiOnsiY3JlYXRlIjoxODAwMDAwMDAwMDAwLCJkZWxldGUiOjE4MDAwMDAwMDAwMDAsInJlYWQiOjMwMDAwMDAwMDAwMCwidXBkYXRlIjoxODAwMDAwMDAwMDAwfX0=",
          "dependencies": [
            "azurerm_resource_group.rg",
            "azurerm_virtual_network.vnet"
          ]
        }
      ]
    },
    {
      "mode": "managed",
      "type": "azurerm_virtual_network",
      "name": "vnet",
      "provider": "provider[\"registry.terraform.io/hashicorp/azurerm\"]",
      "instances": [
        {
          "schema_version": 0,
          "attributes": {
            "address_space": [
              "10.0.0.0/16"
            ],
            "bgp_community": "",
            "ddos_protection_plan": [],
            "dns_servers": [],
            "edge_zone": "",
            "encryption": [],
            "flow_timeout_in_minutes": 0,
            "guid": "19f13762-b6e7-47d4-833e-2c1868739abe",
            "id": "/subscriptions/b45ad4c7-a502-4340-9f42-b0958dd23e96/resourceGroups/rg-yetsy-devops/providers/Microsoft.Network/virtualNetworks/vnet-yetsy",
            "ip_address_pool": [],
            "location": "eastus2",
            "name": "vnet-yetsy",
            "private_endpoint_vnet_policies": "Disabled",
            "resource_group_name": "rg-yetsy-devops",
            "subnet": [
              {
                "address_prefixes": [
                  "10.0.1.0/24"
                ],
                "default_outbound_access_enabled": true,
                "delegation": [],
                "id": "/subscriptions/b45ad4c7-a502-4340-9f42-b0958dd23e96/resourceGroups/rg-yetsy-devops/providers/Microsoft.Network/virtualNetworks/vnet-yetsy/subnets/subnet-yetsy",
                "name": "subnet-yetsy",
                "private_endpoint_network_policies": "Disabled",
                "private_link_service_network_policies_enabled": true,
                "route_table_id": "",
                "security_group": "",
                "service_endpoint_policy_ids": [],
                "service_endpoints": []
              }
            ],
            "tags": {},
            "timeouts": null
          },
          "sensitive_attributes": [],
          "identity_schema_version": 0,
          "identity": {
            "name": "vnet-yetsy",
            "resource_group_name": "rg-yetsy-devops",
            "subscription_id": "b45ad4c7-a502-4340-9f42-b0958dd23e96"
          },
          "private": "eyJlMmJmYjczMC1lY2FhLTExZTYtOGY4OC0zNDM2M2JjN2M0YzAiOnsiY3JlYXRlIjoxODAwMDAwMDAwMDAwLCJkZWxldGUiOjE4MDAwMDAwMDAwMDAsInJlYWQiOjMwMDAwMDAwMDAwMCwidXBkYXRlIjoxODAwMDAwMDAwMDAwfX0=",
          "dependencies": [
            "azurerm_resource_group.rg"
          ]
        }
      ]
    }
  ],
  "check_results": null
}
